# generated by rye
# use `rye lock` or `rye sync` to update this lockfile
#
# last locked with the following flags:
#   pre: false
#   features: ["sevenzip,h5"]
#   all-features: false
#   with-sources: false
#   generate-hashes: false
#   universal: false

-e file:.
annotated-types==0.7.0
    # via pydantic
boolean-py==5.0
    # via license-expression
brotli==1.1.0
    # via py7zr
certifi==2025.6.15
    # via requests
charset-normalizer==3.4.2
    # via requests
click==8.2.1
    # via modelaudit
cyclonedx-python-lib==10.2.0
    # via modelaudit
defusedxml==0.7.1
    # via modelaudit
    # via py-serializable
filelock==3.18.0
    # via huggingface-hub
fsspec==2025.5.1
    # via huggingface-hub
h5py==3.14.0
    # via modelaudit
hf-xet==1.1.5
    # via huggingface-hub
huggingface-hub==0.33.1
    # via modelaudit
idna==3.10
    # via requests
inflate64==1.0.3
    # via py7zr
license-expression==30.4.3
    # via cyclonedx-python-lib
multivolumefile==0.2.3
    # via py7zr
numpy==2.1.3
    # via h5py
    # via modelaudit
    # via scipy
packageurl-python==0.17.1
    # via cyclonedx-python-lib
packaging==25.0
    # via huggingface-hub
platformdirs==4.3.8
    # via modelaudit
psutil==7.0.0
    # via py7zr
py-serializable==2.0.0
    # via cyclonedx-python-lib
py7zr==1.0.0
    # via modelaudit
pybcj==1.0.6
    # via py7zr
pycryptodomex==3.23.0
    # via py7zr
pydantic==2.11.7
    # via fastapi
    # via mlflow-skinny
    # via modelaudit
pydantic-core==2.33.2
    # via pydantic
pyppmd==1.2.0
    # via py7zr
python-dotenv==1.1.1
    # via modelaudit
pyyaml==6.0.2
    # via huggingface-hub
    # via modelaudit
pyzstd==0.17.0
    # via py7zr
requests==2.32.4
    # via huggingface-hub
    # via modelaudit
scipy==1.16.0
    # via modelaudit
sortedcontainers==2.4.0
    # via cyclonedx-python-lib
termcolor==2.3.0
    # via yaspin
texttable==1.7.0
    # via py7zr
tqdm==4.67.1
    # via huggingface-hub
typing-extensions==4.14.0
    # via huggingface-hub
    # via pydantic
    # via pydantic-core
    # via pyzstd
    # via typing-inspection
typing-inspection==0.4.1
    # via pydantic
urllib3==2.5.0
    # via requests
yaspin==3.1.0
    # via modelaudit
